// !$*UTF8*$!
{
	archiveVersion = 1;
	classes = {
	};
	objectVersion = 55;
	objects = {

/* Begin PBXBuildFile section */
		0A69DCCB2C415A650069DA45 /* AppDelegate.swift in Sources */ = {isa = PBXBuildFile; fileRef = 0A69DCCA2C415A650069DA45 /* AppDelegate.swift */; };
		0A69DCCD2C415A650069DA45 /* SceneDelegate.swift in Sources */ = {isa = PBXBuildFile; fileRef = 0A69DCCC2C415A650069DA45 /* SceneDelegate.swift */; };
		0A69DCCF2C415A650069DA45 /* ViewController.swift in Sources */ = {isa = PBXBuildFile; fileRef = 0A69DCCE2C415A650069DA45 /* ViewController.swift */; };
		0A69DCD22C415A650069DA45 /* Main.storyboard in Resources */ = {isa = PBXBuildFile; fileRef = 0A69DCD02C415A650069DA45 /* Main.storyboard */; };
		0A69DCD52C415A650069DA45 /* NewsClient.xcdatamodeld in Sources */ = {isa = PBXBuildFile; fileRef = 0A69DCD32C415A650069DA45 /* NewsClient.xcdatamodeld */; };
		0A69DCD72C415A680069DA45 /* Assets.xcassets in Resources */ = {isa = PBXBuildFile; fileRef = 0A69DCD62C415A680069DA45 /* Assets.xcassets */; };
		0A69DCE62C415AAB0069DA45 /* NewsFeedViewController.swift in Sources */ = {isa = PBXBuildFile; fileRef = 0A69DCE52C415AAB0069DA45 /* NewsFeedViewController.swift */; };
		0A69DCE92C415B000069DA45 /* NewsFeedController.swift in Sources */ = {isa = PBXBuildFile; fileRef = 0A69DCE82C415B000069DA45 /* NewsFeedController.swift */; };
		0A69DCEB2C415C330069DA45 /* NewsAPI.swift in Sources */ = {isa = PBXBuildFile; fileRef = 0A69DCEA2C415C330069DA45 /* NewsAPI.swift */; };
		0A69DCED2C415C460069DA45 /* NewsItem.swift in Sources */ = {isa = PBXBuildFile; fileRef = 0A69DCEC2C415C460069DA45 /* NewsItem.swift */; };
		0A69DCEF2C415CEE0069DA45 /* NewsAPIResponse.swift in Sources */ = {isa = PBXBuildFile; fileRef = 0A69DCEE2C415CEE0069DA45 /* NewsAPIResponse.swift */; };
		0A69DCF02C415E5E0069DA45 /* LaunchScreen.storyboard in Resources */ = {isa = PBXBuildFile; fileRef = 0A69DCD82C415A680069DA45 /* LaunchScreen.storyboard */; };
		0A69DCF42C4162A30069DA45 /* NewsFeedCell.swift in Sources */ = {isa = PBXBuildFile; fileRef = 0A69DCF32C4162A30069DA45 /* NewsFeedCell.swift */; };
		0A69DCF92C46A5CB0069DA45 /* NewsFeedCell.xib in Resources */ = {isa = PBXBuildFile; fileRef = 0A69DCF82C46A5CB0069DA45 /* NewsFeedCell.xib */; };
/* End PBXBuildFile section */

/* Begin PBXFileReference section */
		0A69DCC72C415A650069DA45 /* NewsClient.app */ = {isa = PBXFileReference; explicitFileType = wrapper.application; includeInIndex = 0; path = NewsClient.app; sourceTree = BUILT_PRODUCTS_DIR; };
		0A69DCCA2C415A650069DA45 /* AppDelegate.swift */ = {isa = PBXFileReference; lastKnownFileType = sourcecode.swift; path = AppDelegate.swift; sourceTree = "<group>"; };
		0A69DCCC2C415A650069DA45 /* SceneDelegate.swift */ = {isa = PBXFileReference; lastKnownFileType = sourcecode.swift; path = SceneDelegate.swift; sourceTree = "<group>"; };
		0A69DCCE2C415A650069DA45 /* ViewController.swift */ = {isa = PBXFileReference; lastKnownFileType = sourcecode.swift; path = ViewController.swift; sourceTree = "<group>"; };
		0A69DCD12C415A650069DA45 /* Base */ = {isa = PBXFileReference; lastKnownFileType = file.storyboard; name = Base; path = Base.lproj/Main.storyboard; sourceTree = "<group>"; };
		0A69DCD42C415A650069DA45 /* NewsClient.xcdatamodel */ = {isa = PBXFileReference; lastKnownFileType = wrapper.xcdatamodel; path = NewsClient.xcdatamodel; sourceTree = "<group>"; };
		0A69DCD62C415A680069DA45 /* Assets.xcassets */ = {isa = PBXFileReference; lastKnownFileType = folder.assetcatalog; path = Assets.xcassets; sourceTree = "<group>"; };
		0A69DCD92C415A680069DA45 /* Base */ = {isa = PBXFileReference; lastKnownFileType = file.storyboard; name = Base; path = Base.lproj/LaunchScreen.storyboard; sourceTree = "<group>"; };
		0A69DCDB2C415A680069DA45 /* Info.plist */ = {isa = PBXFileReference; lastKnownFileType = text.plist.xml; path = Info.plist; sourceTree = "<group>"; };
		0A69DCE52C415AAB0069DA45 /* NewsFeedViewController.swift */ = {isa = PBXFileReference; lastKnownFileType = sourcecode.swift; path = NewsFeedViewController.swift; sourceTree = "<group>"; };
		0A69DCE82C415B000069DA45 /* NewsFeedController.swift */ = {isa = PBXFileReference; lastKnownFileType = sourcecode.swift; path = NewsFeedController.swift; sourceTree = "<group>"; };
		0A69DCEA2C415C330069DA45 /* NewsAPI.swift */ = {isa = PBXFileReference; lastKnownFileType = sourcecode.swift; path = NewsAPI.swift; sourceTree = "<group>"; };
		0A69DCEC2C415C460069DA45 /* NewsItem.swift */ = {isa = PBXFileReference; lastKnownFileType = sourcecode.swift; path = NewsItem.swift; sourceTree = "<group>"; };
		0A69DCEE2C415CEE0069DA45 /* NewsAPIResponse.swift */ = {isa = PBXFileReference; lastKnownFileType = sourcecode.swift; path = NewsAPIResponse.swift; sourceTree = "<group>"; };
		0A69DCF32C4162A30069DA45 /* NewsFeedCell.swift */ = {isa = PBXFileReference; lastKnownFileType = sourcecode.swift; path = NewsFeedCell.swift; sourceTree = "<group>"; };
		0A69DCF82C46A5CB0069DA45 /* NewsFeedCell.xib */ = {isa = PBXFileReference; lastKnownFileType = file.xib; path = NewsFeedCell.xib; sourceTree = "<group>"; };
/* End PBXFileReference section */

/* Begin PBXFrameworksBuildPhase section */
		0A69DCC42C415A650069DA45 /* Frameworks */ = {
			isa = PBXFrameworksBuildPhase;
			buildActionMask = 2147483647;
			files = (
			);
			runOnlyForDeploymentPostprocessing = 0;
		};
/* End PBXFrameworksBuildPhase section */

/* Begin PBXGroup section */
		0A69DCBE2C415A650069DA45 = {
			isa = PBXGroup;
			children = (
				0A69DCC92C415A650069DA45 /* NewsClient */,
				0A69DCC82C415A650069DA45 /* Products */,
			);
			sourceTree = "<group>";
		};
		0A69DCC82C415A650069DA45 /* Products */ = {
			isa = PBXGroup;
			children = (
				0A69DCC72C415A650069DA45 /* NewsClient.app */,
			);
			name = Products;
			sourceTree = "<group>";
		};
		0A69DCC92C415A650069DA45 /* NewsClient */ = {
			isa = PBXGroup;
			children = (
				0A69DCE42C415A8E0069DA45 /* API */,
				0A69DCE32C415A870069DA45 /* Models */,
				0A69DCE72C415AC40069DA45 /* Storyboards */,
				0A69DCE12C415A780069DA45 /* ViewControllers */,
				0A69DCE22C415A810069DA45 /* Views */,
				0A69DCCA2C415A650069DA45 /* AppDelegate.swift */,
				0A69DCD62C415A680069DA45 /* Assets.xcassets */,
				0A69DCDB2C415A680069DA45 /* Info.plist */,
				0A69DCD82C415A680069DA45 /* LaunchScreen.storyboard */,
				0A69DCD32C415A650069DA45 /* NewsClient.xcdatamodeld */,
				0A69DCCC2C415A650069DA45 /* SceneDelegate.swift */,
				0A69DCCE2C415A650069DA45 /* ViewController.swift */,
			);
			path = NewsClient;
			sourceTree = "<group>";
		};
		0A69DCE12C415A780069DA45 /* ViewControllers */ = {
			isa = PBXGroup;
			children = (
				0A69DCE52C415AAB0069DA45 /* NewsFeedViewController.swift */,
			);
			path = ViewControllers;
			sourceTree = "<group>";
		};
		0A69DCE22C415A810069DA45 /* Views */ = {
			isa = PBXGroup;
			children = (
				0A69DCF32C4162A30069DA45 /* NewsFeedCell.swift */,
				0A69DCF82C46A5CB0069DA45 /* NewsFeedCell.xib */,
			);
			path = Views;
			sourceTree = "<group>";
		};
		0A69DCE32C415A870069DA45 /* Models */ = {
			isa = PBXGroup;
			children = (
				0A69DCE82C415B000069DA45 /* NewsFeedController.swift */,
				0A69DCEC2C415C460069DA45 /* NewsItem.swift */,
				0A69DCEE2C415CEE0069DA45 /* NewsAPIResponse.swift */,
			);
			path = Models;
			sourceTree = "<group>";
		};
		0A69DCE42C415A8E0069DA45 /* API */ = {
			isa = PBXGroup;
			children = (
				0A69DCEA2C415C330069DA45 /* NewsAPI.swift */,
			);
			path = API;
			sourceTree = "<group>";
		};
		0A69DCE72C415AC40069DA45 /* Storyboards */ = {
			isa = PBXGroup;
			children = (
				0A69DCD02C415A650069DA45 /* Main.storyboard */,
			);
			path = Storyboards;
			sourceTree = "<group>";
		};
/* End PBXGroup section */

/* Begin PBXNativeTarget section */
		0A69DCC62C415A650069DA45 /* NewsClient */ = {
			isa = PBXNativeTarget;
			buildConfigurationList = 0A69DCDE2C415A680069DA45 /* Build configuration list for PBXNativeTarget "NewsClient" */;
			buildPhases = (
				0A69DCC32C415A650069DA45 /* Sources */,
				0A69DCC42C415A650069DA45 /* Frameworks */,
				0A69DCC52C415A650069DA45 /* Resources */,
			);
			buildRules = (
			);
			dependencies = (
			);
			name = NewsClient;
			productName = NewsClient;
			productReference = 0A69DCC72C415A650069DA45 /* NewsClient.app */;
			productType = "com.apple.product-type.application";
		};
/* End PBXNativeTarget section */

/* Begin PBXProject section */
		0A69DCBF2C415A650069DA45 /* Project object */ = {
			isa = PBXProject;
			attributes = {
				BuildIndependentTargetsInParallel = 1;
				LastSwiftUpdateCheck = 1340;
				LastUpgradeCheck = 1340;
				TargetAttributes = {
					0A69DCC62C415A650069DA45 = {
						CreatedOnToolsVersion = 13.4.1;
					};
				};
			};
			buildConfigurationList = 0A69DCC22C415A650069DA45 /* Build configuration list for PBXProject "NewsClient" */;
			compatibilityVersion = "Xcode 13.0";
			developmentRegion = en;
			hasScannedForEncodings = 0;
			knownRegions = (
				en,
				Base,
			);
			mainGroup = 0A69DCBE2C415A650069DA45;
			productRefGroup = 0A69DCC82C415A650069DA45 /* Products */;
			projectDirPath = "";
			projectRoot = "";
			targets = (
				0A69DCC62C415A650069DA45 /* NewsClient */,
			);
		};
/* End PBXProject section */

/* Begin PBXResourcesBuildPhase section */
		0A69DCC52C415A650069DA45 /* Resources */ = {
			isa = PBXResourcesBuildPhase;
			buildActionMask = 2147483647;
			files = (
				0A69DCF92C46A5CB0069DA45 /* NewsFeedCell.xib in Resources */,
				0A69DCF02C415E5E0069DA45 /* LaunchScreen.storyboard in Resources */,
				0A69DCD72C415A680069DA45 /* Assets.xcassets in Resources */,
				0A69DCD22C415A650069DA45 /* Main.storyboard in Resources */,
			);
			runOnlyForDeploymentPostprocessing = 0;
		};
/* End PBXResourcesBuildPhase section */

/* Begin PBXSourcesBuildPhase section */
		0A69DCC32C415A650069DA45 /* Sources */ = {
			isa = PBXSourcesBuildPhase;
			buildActionMask = 2147483647;
			files = (
				0A69DCF42C4162A30069DA45 /* NewsFeedCell.swift in Sources */,
				0A69DCCF2C415A650069DA45 /* ViewController.swift in Sources */,
				0A69DCCB2C415A650069DA45 /* AppDelegate.swift in Sources */,
				0A69DCCD2C415A650069DA45 /* SceneDelegate.swift in Sources */,
				0A69DCEF2C415CEE0069DA45 /* NewsAPIResponse.swift in Sources */,
				0A69DCE92C415B000069DA45 /* NewsFeedController.swift in Sources */,
				0A69DCD52C415A650069DA45 /* NewsClient.xcdatamodeld in Sources */,
				0A69DCED2C415C460069DA45 /* NewsItem.swift in Sources */,
				0A69DCEB2C415C330069DA45 /* NewsAPI.swift in Sources */,
				0A69DCE62C415AAB0069DA45 /* NewsFeedViewController.swift in Sources */,
			);
			runOnlyForDeploymentPostprocessing = 0;
		};
/* End PBXSourcesBuildPhase section */

/* Begin PBXVariantGroup section */
		0A69DCD02C415A650069DA45 /* Main.storyboard */ = {
			isa = PBXVariantGroup;
			children = (
				0A69DCD12C415A650069DA45 /* Base */,
			);
			name = Main.storyboard;
			sourceTree = "<group>";
		};
		0A69DCD82C415A680069DA45 /* LaunchScreen.storyboard */ = {
			isa = PBXVariantGroup;
			children = (
				0A69DCD92C415A680069DA45 /* Base */,
			);
			name = LaunchScreen.storyboard;
			sourceTree = "<group>";
		};
/* End PBXVariantGroup section */

/* Begin XCBuildConfiguration section */
		0A69DCDC2C415A680069DA45 /* Debug */ = {
			isa = XCBuildConfiguration;
			buildSettings = {
				ALWAYS_SEARCH_USER_PATHS = NO;
				CLANG_ANALYZER_NONNULL = YES;
				CLANG_ANALYZER_NUMBER_OBJECT_CONVERSION = YES_AGGRESSIVE;
				CLANG_CXX_LANGUAGE_STANDARD = "gnu++17";
				CLANG_ENABLE_MODULES = YES;
				CLANG_ENABLE_OBJC_ARC = YES;
				CLANG_ENABLE_OBJC_WEAK = YES;
				CLANG_WARN_BLOCK_CAPTURE_AUTORELEASING = YES;
				CLANG_WARN_BOOL_CONVERSION = YES;
				CLANG_WARN_COMMA = YES;
				CLANG_WARN_CONSTANT_CONVERSION = YES;
				CLANG_WARN_DEPRECATED_OBJC_IMPLEMENTATIONS = YES;
				CLANG_WARN_DIRECT_OBJC_ISA_USAGE = YES_ERROR;
				CLANG_WARN_DOCUMENTATION_COMMENTS = YES;
				CLANG_WARN_EMPTY_BODY = YES;
				CLANG_WARN_ENUM_CONVERSION = YES;
				CLANG_WARN_INFINITE_RECURSION = YES;
				CLANG_WARN_INT_CONVERSION = YES;
				CLANG_WARN_NON_LITERAL_NULL_CONVERSION = YES;
				CLANG_WARN_OBJC_IMPLICIT_RETAIN_SELF = YES;
				CLANG_WARN_OBJC_LITERAL_CONVERSION = YES;
				CLANG_WARN_OBJC_ROOT_CLASS = YES_ERROR;
				CLANG_WARN_QUOTED_INCLUDE_IN_FRAMEWORK_HEADER = YES;
				CLANG_WARN_RANGE_LOOP_ANALYSIS = YES;
				CLANG_WARN_STRICT_PROTOTYPES = YES;
				CLANG_WARN_SUSPICIOUS_MOVE = YES;
				CLANG_WARN_UNGUARDED_AVAILABILITY = YES_AGGRESSIVE;
				CLANG_WARN_UNREACHABLE_CODE = YES;
				CLANG_WARN__DUPLICATE_METHOD_MATCH = YES;
				COPY_PHASE_STRIP = NO;
				DEBUG_INFORMATION_FORMAT = dwarf;
				ENABLE_STRICT_OBJC_MSGSEND = YES;
				ENABLE_TESTABILITY = YES;
				GCC_C_LANGUAGE_STANDARD = gnu11;
				GCC_DYNAMIC_NO_PIC = NO;
				GCC_NO_COMMON_BLOCKS = YES;
				GCC_OPTIMIZATION_LEVEL = 0;
				GCC_PREPROCESSOR_DEFINITIONS = (
					"DEBUG=1",
					"$(inherited)",
				);
				GCC_WARN_64_TO_32_BIT_CONVERSION = YES;
				GCC_WARN_ABOUT_RETURN_TYPE = YES_ERROR;
				GCC_WARN_UNDECLARED_SELECTOR = YES;
				GCC_WARN_UNINITIALIZED_AUTOS = YES_AGGRESSIVE;
				GCC_WARN_UNUSED_FUNCTION = YES;
				GCC_WARN_UNUSED_VARIABLE = YES;
				IPHONEOS_DEPLOYMENT_TARGET = 15.5;
				MTL_ENABLE_DEBUG_INFO = INCLUDE_SOURCE;
				MTL_FAST_MATH = YES;
				ONLY_ACTIVE_ARCH = YES;
				SDKROOT = iphoneos;
				SWIFT_ACTIVE_COMPILATION_CONDITIONS = DEBUG;
				SWIFT_OPTIMIZATION_LEVEL = "-Onone";
			};
			name = Debug;
		};
		0A69DCDD2C415A680069DA45 /* Release */ = {
			isa = XCBuildConfiguration;
			buildSettings = {
				ALWAYS_SEARCH_USER_PATHS = NO;
				CLANG_ANALYZER_NONNULL = YES;
				CLANG_ANALYZER_NUMBER_OBJECT_CONVERSION = YES_AGGRESSIVE;
				CLANG_CXX_LANGUAGE_STANDARD = "gnu++17";
				CLANG_ENABLE_MODULES = YES;
				CLANG_ENABLE_OBJC_ARC = YES;
				CLANG_ENABLE_OBJC_WEAK = YES;
				CLANG_WARN_BLOCK_CAPTURE_AUTORELEASING = YES;
				CLANG_WARN_BOOL_CONVERSION = YES;
				CLANG_WARN_COMMA = YES;
				CLANG_WARN_CONSTANT_CONVERSION = YES;
				CLANG_WARN_DEPRECATED_OBJC_IMPLEMENTATIONS = YES;
				CLANG_WARN_DIRECT_OBJC_ISA_USAGE = YES_ERROR;
				CLANG_WARN_DOCUMENTATION_COMMENTS = YES;
				CLANG_WARN_EMPTY_BODY = YES;
				CLANG_WARN_ENUM_CONVERSION = YES;
				CLANG_WARN_INFINITE_RECURSION = YES;
				CLANG_WARN_INT_CONVERSION = YES;
				CLANG_WARN_NON_LITERAL_NULL_CONVERSION = YES;
				CLANG_WARN_OBJC_IMPLICIT_RETAIN_SELF = YES;
				CLANG_WARN_OBJC_LITERAL_CONVERSION = YES;
				CLANG_WARN_OBJC_ROOT_CLASS = YES_ERROR;
				CLANG_WARN_QUOTED_INCLUDE_IN_FRAMEWORK_HEADER = YES;
				CLANG_WARN_RANGE_LOOP_ANALYSIS = YES;
				CLANG_WARN_STRICT_PROTOTYPES = YES;
				CLANG_WARN_SUSPICIOUS_MOVE = YES;
				CLANG_WARN_UNGUARDED_AVAILABILITY = YES_AGGRESSIVE;
				CLANG_WARN_UNREACHABLE_CODE = YES;
				CLANG_WARN__DUPLICATE_METHOD_MATCH = YES;
				COPY_PHASE_STRIP = NO;
				DEBUG_INFORMATION_FORMAT = "dwarf-with-dsym";
				ENABLE_NS_ASSERTIONS = NO;
				ENABLE_STRICT_OBJC_MSGSEND = YES;
				GCC_C_LANGUAGE_STANDARD = gnu11;
				GCC_NO_COMMON_BLOCKS = YES;
				GCC_WARN_64_TO_32_BIT_CONVERSION = YES;
				GCC_WARN_ABOUT_RETURN_TYPE = YES_ERROR;
				GCC_WARN_UNDECLARED_SELECTOR = YES;
				GCC_WARN_UNINITIALIZED_AUTOS = YES_AGGRESSIVE;
				GCC_WARN_UNUSED_FUNCTION = YES;
				GCC_WARN_UNUSED_VARIABLE = YES;
				IPHONEOS_DEPLOYMENT_TARGET = 15.5;
				MTL_ENABLE_DEBUG_INFO = NO;
				MTL_FAST_MATH = YES;
				SDKROOT = iphoneos;
				SWIFT_COMPILATION_MODE = wholemodule;
				SWIFT_OPTIMIZATION_LEVEL = "-O";
				VALIDATE_PRODUCT = YES;
			};
			name = Release;
		};
		0A69DCDF2C415A680069DA45 /* Debug */ = {
			isa = XCBuildConfiguration;
			buildSettings = {
				ASSETCATALOG_COMPILER_APPICON_NAME = AppIcon;
				ASSETCATALOG_COMPILER_GLOBAL_ACCENT_COLOR_NAME = AccentColor;
				CODE_SIGN_STYLE = Automatic;
				CURRENT_PROJECT_VERSION = 1;
				GENERATE_INFOPLIST_FILE = YES;
				INFOPLIST_FILE = NewsClient/Info.plist;
				INFOPLIST_KEY_UIApplicationSupportsIndirectInputEvents = YES;
				INFOPLIST_KEY_UILaunchStoryboardName = LaunchScreen;
				INFOPLIST_KEY_UIMainStoryboardFile = Main;
				INFOPLIST_KEY_UISupportedInterfaceOrientations_iPad = "UIInterfaceOrientationPortrait UIInterfaceOrientationPortraitUpsideDown UIInterfaceOrientationLandscapeLeft UIInterfaceOrientationLandscapeRight";
				INFOPLIST_KEY_UISupportedInterfaceOrientations_iPhone = "UIInterfaceOrientationPortrait UIInterfaceOrientationLandscapeLeft UIInterfaceOrientationLandscapeRight";
				LD_RUNPATH_SEARCH_PATHS = (
					"$(inherited)",
					"@executable_path/Frameworks",
				);
				MARKETING_VERSION = 1.0;
				PRODUCT_BUNDLE_IDENTIFIER = lesson.NewsClient;
				PRODUCT_NAME = "$(TARGET_NAME)";
				SWIFT_EMIT_LOC_STRINGS = YES;
				SWIFT_VERSION = 5.0;
				TARGETED_DEVICE_FAMILY = "1,2";
			};
			name = Debug;
		};
		0A69DCE02C415A680069DA45 /* Release */ = {
			isa = XCBuildConfiguration;
			buildSettings = {
				ASSETCATALOG_COMPILER_APPICON_NAME = AppIcon;
				ASSETCATALOG_COMPILER_GLOBAL_ACCENT_COLOR_NAME = AccentColor;
				CODE_SIGN_STYLE = Automatic;
				CURRENT_PROJECT_VERSION = 1;
				GENERATE_INFOPLIST_FILE = YES;
				INFOPLIST_FILE = NewsClient/Info.plist;
				INFOPLIST_KEY_UIApplicationSupportsIndirectInputEvents = YES;
				INFOPLIST_KEY_UILaunchStoryboardName = LaunchScreen;
				INFOPLIST_KEY_UIMainStoryboardFile = Main;
				INFOPLIST_KEY_UISupportedInterfaceOrientations_iPad = "UIInterfaceOrientationPortrait UIInterfaceOrientationPortraitUpsideDown UIInterfaceOrientationLandscapeLeft UIInterfaceOrientationLandscapeRight";
				INFOPLIST_KEY_UISupportedInterfaceOrientations_iPhone = "UIInterfaceOrientationPortrait UIInterfaceOrientationLandscapeLeft UIInterfaceOrientationLandscapeRight";
				LD_RUNPATH_SEARCH_PATHS = (
					"$(inherited)",
					"@executable_path/Frameworks",
				);
				MARKETING_VERSION = 1.0;
				PRODUCT_BUNDLE_IDENTIFIER = lesson.NewsClient;
				PRODUCT_NAME = "$(TARGET_NAME)";
				SWIFT_EMIT_LOC_STRINGS = YES;
				SWIFT_VERSION = 5.0;
				TARGETED_DEVICE_FAMILY = "1,2";
			};
			name = Release;
		};
/* End XCBuildConfiguration section */

/* Begin XCConfigurationList section */
		0A69DCC22C415A650069DA45 /* Build configuration list for PBXProject "NewsClient" */ = {
			isa = XCConfigurationList;
			buildConfigurations = (
				0A69DCDC2C415A680069DA45 /* Debug */,
				0A69DCDD2C415A680069DA45 /* Release */,
			);
			defaultConfigurationIsVisible = 0;
			defaultConfigurationName = Release;
		};
		0A69DCDE2C415A680069DA45 /* Build configuration list for PBXNativeTarget "NewsClient" */ = {
			isa = XCConfigurationList;
			buildConfigurations = (
				0A69DCDF2C415A680069DA45 /* Debug */,
				0A69DCE02C415A680069DA45 /* Release */,
			);
			defaultConfigurationIsVisible = 0;
			defaultConfigurationName = Release;
		};
/* End XCConfigurationList section */

/* Begin XCVersionGroup section */
		0A69DCD32C415A650069DA45 /* NewsClient.xcdatamodeld */ = {
			isa = XCVersionGroup;
			children = (
				0A69DCD42C415A650069DA45 /* NewsClient.xcdatamodel */,
			);
			currentVersion = 0A69DCD42C415A650069DA45 /* NewsClient.xcdatamodel */;
			path = NewsClient.xcdatamodeld;
			sourceTree = "<group>";
			versionGroupType = wrapper.xcdatamodel;
		};
/* End XCVersionGroup section */
	};
	rootObject = 0A69DCBF2C415A650069DA45 /* Project object */;
}
